
Microsoft Visual Studio Solution File, Format Version 12.00
# Visual Studio 14
VisualStudioVersion = 14.0.25420.1
MinimumVisualStudioVersion = 10.0.40219.1
Project("{FAE04EC0-301F-11D3-BF4B-00C04F79EFBC}") = "QuestionsApplication", "QuestionsApplication\QuestionsApplication.csproj", "{6C609F0E-0823-4ADE-8177-4F65D8F24510}"
EndProject
Project("{FAE04EC0-301F-11D3-BF4B-00C04F79EFBC}") = "QuestionsApplication.Tests", "QuestionsApplication.Tests\QuestionsApplication.Tests.csproj", "{EA35A3BA-F583-4F26-B832-4D328DA40998}"
EndProject
Global
	GlobalSection(SolutionConfigurationPlatforms) = preSolution
		Debug|Any CPU = Debug|Any CPU
		Release|Any CPU = Release|Any CPU
	EndGlobalSection
	GlobalSection(ProjectConfigurationPlatforms) = postSolution
		{6C609F0E-0823-4ADE-8177-4F65D8F24510}.Debug|Any CPU.ActiveCfg = Debug|Any CPU
		{6C609F0E-0823-4ADE-8177-4F65D8F24510}.Debug|Any CPU.Build.0 = Debug|Any CPU
		{6C609F0E-0823-4ADE-8177-4F65D8F24510}.Release|Any CPU.ActiveCfg = Release|Any CPU
		{6C609F0E-0823-4ADE-8177-4F65D8F24510}.Release|Any CPU.Build.0 = Release|Any CPU
		{EA35A3BA-F583-4F26-B832-4D328DA40998}.Debug|Any CPU.ActiveCfg = Debug|Any CPU
		{EA35A3BA-F583-4F26-B832-4D328DA40998}.Debug|Any CPU.Build.0 = Debug|Any CPU
		{EA35A3BA-F583-4F26-B832-4D328DA40998}.Release|Any CPU.ActiveCfg = Release|Any CPU
		{EA35A3BA-F583-4F26-B832-4D328DA40998}.Release|Any CPU.Build.0 = Release|Any CPU
	EndGlobalSection
	GlobalSection(SolutionProperties) = preSolution
		HideSolutionNode = FALSE
	EndGlobalSection
EndGlobal
